
Microsoft Visual Studio Solution File, Format Version 12.00
# Visual Studio Version 16
VisualStudioVersion = 16.0.30114.105
MinimumVisualStudioVersion = 10.0.40219.1
Project("{2150E333-8FDC-42A3-9474-1A3956D46DE8}") = "src", "src", "{644D62D6-EABB-47C1-93C2-6DE9AE9CE74F}"
EndProject
Project("{FAE04EC0-301F-11D3-BF4B-00C04F79EFBC}") = "ToBeDone.Services.Work", "src\ToBeDone.Services.Work\ToBeDone.Services.Work.csproj", "{010749F9-EF55-420B-BFB1-40D13C0E059A}"
EndProject
Project("{FAE04EC0-301F-11D3-BF4B-00C04F79EFBC}") = "ToBeDone.Services.Workspaces", "src\ToBeDone.Services.Workspaces\ToBeDone.Services.Workspaces.csproj", "{62779465-15C8-4142-8A16-FD65537758AC}"
EndProject
Project("{FAE04EC0-301F-11D3-BF4B-00C04F79EFBC}") = "ToBeDone.Infra.Core", "infra\ToBeDone.Infra.Core\ToBeDone.Infra.Core.csproj", "{2AE475F8-9936-4A48-8AEC-7AAC0BCF6CD5}"
EndProject
Project("{2150E333-8FDC-42A3-9474-1A3956D46DE8}") = "infra", "infra", "{FF2B6DA6-BBA1-422A-BEC6-E14ACC6B1799}"
EndProject
Project("{FAE04EC0-301F-11D3-BF4B-00C04F79EFBC}") = "ToBeDone.Infra.WorkService", "infra\ToBeDone.Infra.WorkService\ToBeDone.Infra.WorkService.csproj", "{F07FDB13-F58B-4334-94C4-62728A1FAB24}"
EndProject
Project("{FAE04EC0-301F-11D3-BF4B-00C04F79EFBC}") = "ToBeDone.Infra.WorkspacesService", "infra\ToBeDone.Infra.WorkspacesService\ToBeDone.Infra.WorkspacesService.csproj", "{D347E3BC-4470-4268-A4FE-3CA8075BF38E}"
EndProject
Project("{FAE04EC0-301F-11D3-BF4B-00C04F79EFBC}") = "ToBeDone.Infra.Shared", "infra\ToBeDone.Infra.Shared\ToBeDone.Infra.Shared.csproj", "{D8B6F39A-A20B-4012-BAA2-5C26069188A1}"
EndProject
Project("{2150E333-8FDC-42A3-9474-1A3956D46DE8}") = "app", "app", "{55DDA0E6-3DE7-41E6-8398-6D3806F735FF}"
EndProject
Project("{FAE04EC0-301F-11D3-BF4B-00C04F79EFBC}") = "ToBeDone.App.Shared", "src\ToBeDone.App\Shared\ToBeDone.App.Shared.csproj", "{BBB15E53-D8FA-4899-9F3E-FC8145DA11A9}"
EndProject
Project("{FAE04EC0-301F-11D3-BF4B-00C04F79EFBC}") = "ToBeDone.App.Server", "src\ToBeDone.App\Server\ToBeDone.App.Server.csproj", "{46AB3016-DBC4-4212-9379-A8B1F588220C}"
EndProject
Project("{FAE04EC0-301F-11D3-BF4B-00C04F79EFBC}") = "ToBeDone.App.Client", "src\ToBeDone.App\Client\ToBeDone.App.Client.csproj", "{8C8E0916-CF20-44A0-A034-A0C15D1CD007}"
EndProject
Global
	GlobalSection(SolutionConfigurationPlatforms) = preSolution
		Debug|Any CPU = Debug|Any CPU
		Release|Any CPU = Release|Any CPU
	EndGlobalSection
	GlobalSection(SolutionProperties) = preSolution
		HideSolutionNode = FALSE
	EndGlobalSection
	GlobalSection(ProjectConfigurationPlatforms) = postSolution
		{010749F9-EF55-420B-BFB1-40D13C0E059A}.Debug|Any CPU.ActiveCfg = Debug|Any CPU
		{010749F9-EF55-420B-BFB1-40D13C0E059A}.Debug|Any CPU.Build.0 = Debug|Any CPU
		{010749F9-EF55-420B-BFB1-40D13C0E059A}.Release|Any CPU.ActiveCfg = Release|Any CPU
		{010749F9-EF55-420B-BFB1-40D13C0E059A}.Release|Any CPU.Build.0 = Release|Any CPU
		{62779465-15C8-4142-8A16-FD65537758AC}.Debug|Any CPU.ActiveCfg = Debug|Any CPU
		{62779465-15C8-4142-8A16-FD65537758AC}.Debug|Any CPU.Build.0 = Debug|Any CPU
		{62779465-15C8-4142-8A16-FD65537758AC}.Release|Any CPU.ActiveCfg = Release|Any CPU
		{62779465-15C8-4142-8A16-FD65537758AC}.Release|Any CPU.Build.0 = Release|Any CPU
		{2AE475F8-9936-4A48-8AEC-7AAC0BCF6CD5}.Debug|Any CPU.ActiveCfg = Debug|Any CPU
		{2AE475F8-9936-4A48-8AEC-7AAC0BCF6CD5}.Debug|Any CPU.Build.0 = Debug|Any CPU
		{2AE475F8-9936-4A48-8AEC-7AAC0BCF6CD5}.Release|Any CPU.ActiveCfg = Release|Any CPU
		{2AE475F8-9936-4A48-8AEC-7AAC0BCF6CD5}.Release|Any CPU.Build.0 = Release|Any CPU
		{F07FDB13-F58B-4334-94C4-62728A1FAB24}.Debug|Any CPU.ActiveCfg = Debug|Any CPU
		{F07FDB13-F58B-4334-94C4-62728A1FAB24}.Debug|Any CPU.Build.0 = Debug|Any CPU
		{F07FDB13-F58B-4334-94C4-62728A1FAB24}.Release|Any CPU.ActiveCfg = Release|Any CPU
		{F07FDB13-F58B-4334-94C4-62728A1FAB24}.Release|Any CPU.Build.0 = Release|Any CPU
		{D347E3BC-4470-4268-A4FE-3CA8075BF38E}.Debug|Any CPU.ActiveCfg = Debug|Any CPU
		{D347E3BC-4470-4268-A4FE-3CA8075BF38E}.Debug|Any CPU.Build.0 = Debug|Any CPU
		{D347E3BC-4470-4268-A4FE-3CA8075BF38E}.Release|Any CPU.ActiveCfg = Release|Any CPU
		{D347E3BC-4470-4268-A4FE-3CA8075BF38E}.Release|Any CPU.Build.0 = Release|Any CPU
		{D8B6F39A-A20B-4012-BAA2-5C26069188A1}.Debug|Any CPU.ActiveCfg = Debug|Any CPU
		{D8B6F39A-A20B-4012-BAA2-5C26069188A1}.Debug|Any CPU.Build.0 = Debug|Any CPU
		{D8B6F39A-A20B-4012-BAA2-5C26069188A1}.Release|Any CPU.ActiveCfg = Release|Any CPU
		{D8B6F39A-A20B-4012-BAA2-5C26069188A1}.Release|Any CPU.Build.0 = Release|Any CPU
		{BBB15E53-D8FA-4899-9F3E-FC8145DA11A9}.Debug|Any CPU.ActiveCfg = Debug|Any CPU
		{BBB15E53-D8FA-4899-9F3E-FC8145DA11A9}.Debug|Any CPU.Build.0 = Debug|Any CPU
		{BBB15E53-D8FA-4899-9F3E-FC8145DA11A9}.Release|Any CPU.ActiveCfg = Release|Any CPU
		{BBB15E53-D8FA-4899-9F3E-FC8145DA11A9}.Release|Any CPU.Build.0 = Release|Any CPU
		{46AB3016-DBC4-4212-9379-A8B1F588220C}.Debug|Any CPU.ActiveCfg = Debug|Any CPU
		{46AB3016-DBC4-4212-9379-A8B1F588220C}.Debug|Any CPU.Build.0 = Debug|Any CPU
		{46AB3016-DBC4-4212-9379-A8B1F588220C}.Release|Any CPU.ActiveCfg = Release|Any CPU
		{46AB3016-DBC4-4212-9379-A8B1F588220C}.Release|Any CPU.Build.0 = Release|Any CPU
		{8C8E0916-CF20-44A0-A034-A0C15D1CD007}.Debug|Any CPU.ActiveCfg = Debug|Any CPU
		{8C8E0916-CF20-44A0-A034-A0C15D1CD007}.Debug|Any CPU.Build.0 = Debug|Any CPU
		{8C8E0916-CF20-44A0-A034-A0C15D1CD007}.Release|Any CPU.ActiveCfg = Release|Any CPU
		{8C8E0916-CF20-44A0-A034-A0C15D1CD007}.Release|Any CPU.Build.0 = Release|Any CPU
	EndGlobalSection
	GlobalSection(NestedProjects) = preSolution
		{010749F9-EF55-420B-BFB1-40D13C0E059A} = {644D62D6-EABB-47C1-93C2-6DE9AE9CE74F}
		{62779465-15C8-4142-8A16-FD65537758AC} = {644D62D6-EABB-47C1-93C2-6DE9AE9CE74F}
		{2AE475F8-9936-4A48-8AEC-7AAC0BCF6CD5} = {FF2B6DA6-BBA1-422A-BEC6-E14ACC6B1799}
		{F07FDB13-F58B-4334-94C4-62728A1FAB24} = {FF2B6DA6-BBA1-422A-BEC6-E14ACC6B1799}
		{D347E3BC-4470-4268-A4FE-3CA8075BF38E} = {FF2B6DA6-BBA1-422A-BEC6-E14ACC6B1799}
		{D8B6F39A-A20B-4012-BAA2-5C26069188A1} = {FF2B6DA6-BBA1-422A-BEC6-E14ACC6B1799}
		{55DDA0E6-3DE7-41E6-8398-6D3806F735FF} = {644D62D6-EABB-47C1-93C2-6DE9AE9CE74F}
		{BBB15E53-D8FA-4899-9F3E-FC8145DA11A9} = {55DDA0E6-3DE7-41E6-8398-6D3806F735FF}
		{46AB3016-DBC4-4212-9379-A8B1F588220C} = {55DDA0E6-3DE7-41E6-8398-6D3806F735FF}
		{8C8E0916-CF20-44A0-A034-A0C15D1CD007} = {55DDA0E6-3DE7-41E6-8398-6D3806F735FF}
	EndGlobalSection
EndGlobal
